
Microsoft Visual Studio Solution File, Format Version 12.00
# Visual Studio Version 17
VisualStudioVersion = 17.2.32516.85
MinimumVisualStudioVersion = 10.0.40219.1
Project("{8BC9CEB8-8B4A-11D0-8D11-00A0C91BC942}") = "CIS 1202 Assignment 15", "CIS 1202 Assignment 15\CIS 1202 Assignment 15.vcxproj", "{F3E3506F-839C-4941-9F03-6D6D800B742F}"
EndProject
Global
	GlobalSection(SolutionConfigurationPlatforms) = preSolution
		Debug|x64 = Debug|x64
		Debug|x86 = Debug|x86
		Release|x64 = Release|x64
		Release|x86 = Release|x86
	EndGlobalSection
	GlobalSection(ProjectConfigurationPlatforms) = postSolution
		{F3E3506F-839C-4941-9F03-6D6D800B742F}.Debug|x64.ActiveCfg = Debug|x64
		{F3E3506F-839C-4941-9F03-6D6D800B742F}.Debug|x64.Build.0 = Debug|x64
		{F3E3506F-839C-4941-9F03-6D6D800B742F}.Debug|x86.ActiveCfg = Debug|Win32
		{F3E3506F-839C-4941-9F03-6D6D800B742F}.Debug|x86.Build.0 = Debug|Win32
		{F3E3506F-839C-4941-9F03-6D6D800B742F}.Release|x64.ActiveCfg = Release|x64
		{F3E3506F-839C-4941-9F03-6D6D800B742F}.Release|x64.Build.0 = Release|x64
		{F3E3506F-839C-4941-9F03-6D6D800B742F}.Release|x86.ActiveCfg = Release|Win32
		{F3E3506F-839C-4941-9F03-6D6D800B742F}.Release|x86.Build.0 = Release|Win32
	EndGlobalSection
	GlobalSection(SolutionProperties) = preSolution
		HideSolutionNode = FALSE
	EndGlobalSection
	GlobalSection(ExtensibilityGlobals) = postSolution
		SolutionGuid = {1C45BFEB-6F29-4BE2-9F2A-E944C5D5F1D7}
	EndGlobalSection
EndGlobal
